
Microsoft Visual Studio Solution File, Format Version 12.00
# Visual Studio Version 17
VisualStudioVersion = 17.8.34525.116
MinimumVisualStudioVersion = 10.0.40219.1
Project("{FAE04EC0-301F-11D3-BF4B-00C04F79EFBC}") = "CreateCalendar", "CreateCalendar\CreateCalendar.csproj", "{7E99A517-8124-4A8B-B385-6DFDCE93E570}"
EndProject
Project("{FAE04EC0-301F-11D3-BF4B-00C04F79EFBC}") = "TestRosterToCalendar", "TestRosterToCalendar\TestRosterToCalendar.csproj", "{439D31D6-DF79-453C-A281-80A3EC55FB63}"
	ProjectSection(ProjectDependencies) = postProject
		{7E99A517-8124-4A8B-B385-6DFDCE93E570} = {7E99A517-8124-4A8B-B385-6DFDCE93E570}
	EndProjectSection
EndProject
Global
	GlobalSection(SolutionConfigurationPlatforms) = preSolution
		Debug|Any CPU = Debug|Any CPU
		Release|Any CPU = Release|Any CPU
	EndGlobalSection
	GlobalSection(ProjectConfigurationPlatforms) = postSolution
		{7E99A517-8124-4A8B-B385-6DFDCE93E570}.Debug|Any CPU.ActiveCfg = Debug|Any CPU
		{7E99A517-8124-4A8B-B385-6DFDCE93E570}.Debug|Any CPU.Build.0 = Debug|Any CPU
		{7E99A517-8124-4A8B-B385-6DFDCE93E570}.Release|Any CPU.ActiveCfg = Release|Any CPU
		{7E99A517-8124-4A8B-B385-6DFDCE93E570}.Release|Any CPU.Build.0 = Release|Any CPU
		{439D31D6-DF79-453C-A281-80A3EC55FB63}.Debug|Any CPU.ActiveCfg = Debug|Any CPU
		{439D31D6-DF79-453C-A281-80A3EC55FB63}.Debug|Any CPU.Build.0 = Debug|Any CPU
		{439D31D6-DF79-453C-A281-80A3EC55FB63}.Release|Any CPU.ActiveCfg = Release|Any CPU
		{439D31D6-DF79-453C-A281-80A3EC55FB63}.Release|Any CPU.Build.0 = Release|Any CPU
	EndGlobalSection
	GlobalSection(SolutionProperties) = preSolution
		HideSolutionNode = FALSE
	EndGlobalSection
	GlobalSection(ExtensibilityGlobals) = postSolution
		SolutionGuid = {C923E307-3421-40D7-9EEB-D52CF5D0335E}
	EndGlobalSection
EndGlobal
